
Microsoft Visual Studio Solution File, Format Version 12.00
# Visual Studio 14
VisualStudioVersion = 14.0.25420.1
MinimumVisualStudioVersion = 10.0.40219.1
Project("{FAE04EC0-301F-11D3-BF4B-00C04F79EFBC}") = "PersonUI", "PersonUI\PersonUI.csproj", "{20277717-6C9E-4DAE-96FC-1060256C8F06}"
EndProject
Project("{FAE04EC0-301F-11D3-BF4B-00C04F79EFBC}") = "Person", "Person\Person.csproj", "{5021B558-96F4-4861-ACC9-1033D888DCE0}"
EndProject
Global
	GlobalSection(SolutionConfigurationPlatforms) = preSolution
		Debug|Any CPU = Debug|Any CPU
		Release|Any CPU = Release|Any CPU
	EndGlobalSection
	GlobalSection(ProjectConfigurationPlatforms) = postSolution
		{20277717-6C9E-4DAE-96FC-1060256C8F06}.Debug|Any CPU.ActiveCfg = Debug|Any CPU
		{20277717-6C9E-4DAE-96FC-1060256C8F06}.Debug|Any CPU.Build.0 = Debug|Any CPU
		{20277717-6C9E-4DAE-96FC-1060256C8F06}.Release|Any CPU.ActiveCfg = Release|Any CPU
		{20277717-6C9E-4DAE-96FC-1060256C8F06}.Release|Any CPU.Build.0 = Release|Any CPU
		{5021B558-96F4-4861-ACC9-1033D888DCE0}.Debug|Any CPU.ActiveCfg = Debug|Any CPU
		{5021B558-96F4-4861-ACC9-1033D888DCE0}.Debug|Any CPU.Build.0 = Debug|Any CPU
		{5021B558-96F4-4861-ACC9-1033D888DCE0}.Release|Any CPU.ActiveCfg = Release|Any CPU
		{5021B558-96F4-4861-ACC9-1033D888DCE0}.Release|Any CPU.Build.0 = Release|Any CPU
	EndGlobalSection
	GlobalSection(SolutionProperties) = preSolution
		HideSolutionNode = FALSE
	EndGlobalSection
EndGlobal
